{
	"name": "gas-firebase-app",
	"version": "1.1.0",
	"lockfileVersion": 1,
	"requires": true,
	"dependencies": {
		"gas-lib": {
			"version": "1.1.2",
			"resolved": "https://registry.npmjs.org/gas-lib/-/gas-lib-1.1.2.tgz",
			"integrity": "sha512-QTfbzckITjwFlrKzjASn7oxWV1tsbgZCkSVwS8KT+IqHuUB69t6Hje6i8SQvWrZS3+IMHgtYVpOiDVa9mBMgyw==",
			"dev": true
		}
	}
}
