{
	"name": "gas-firebase-app",
	"version": "1.2.0",
	"lockfileVersion": 1,
	"requires": true,
	"dependencies": {
		"gas-lib": {
			"version": "1.2.0",
			"resolved": "https://registry.npmjs.org/gas-lib/-/gas-lib-1.2.0.tgz",
			"integrity": "sha512-A3mhGkgTdb/tY+WE2a4YTYrMvJb8zPWjCyeYxE4elA+9s1GmfCNp89L56GbkgeVPPZjhCq057mhoTmPh7VpcAQ==",
			"dev": true
		}
	}
}
